
Microsoft Visual Studio Solution File, Format Version 12.00
# Visual Studio Version 17
VisualStudioVersion = 17.4.33403.182
MinimumVisualStudioVersion = 10.0.40219.1
Project("{FAE04EC0-301F-11D3-BF4B-00C04F79EFBC}") = "NonThread", "NonThread\NonThread.csproj", "{36CB1BED-A6C5-490F-B883-27EC644AB480}"
EndProject
Global
	GlobalSection(SolutionConfigurationPlatforms) = preSolution
		Debug|Any CPU = Debug|Any CPU
		Release|Any CPU = Release|Any CPU
	EndGlobalSection
	GlobalSection(ProjectConfigurationPlatforms) = postSolution
		{36CB1BED-A6C5-490F-B883-27EC644AB480}.Debug|Any CPU.ActiveCfg = Debug|Any CPU
		{36CB1BED-A6C5-490F-B883-27EC644AB480}.Debug|Any CPU.Build.0 = Debug|Any CPU
		{36CB1BED-A6C5-490F-B883-27EC644AB480}.Release|Any CPU.ActiveCfg = Release|Any CPU
		{36CB1BED-A6C5-490F-B883-27EC644AB480}.Release|Any CPU.Build.0 = Release|Any CPU
	EndGlobalSection
	GlobalSection(SolutionProperties) = preSolution
		HideSolutionNode = FALSE
	EndGlobalSection
	GlobalSection(ExtensibilityGlobals) = postSolution
		SolutionGuid = {7CF6B535-4045-43F7-A228-8DB9E0701FB1}
	EndGlobalSection
EndGlobal
